{
  "version": "5",
  "specifiers": {
    "jsr:@std/assert@0.226": "0.226.0",
    "jsr:@std/assert@^1.0.11": "1.0.17",
    "jsr:@std/assert@^1.0.14": "1.0.17",
    "jsr:@std/assert@^1.0.17": "1.0.17",
    "jsr:@std/async@^1.1.0": "1.5.0",
    "jsr:@std/bytes@^1.0.6": "1.0.6",
    "jsr:@std/cli@^1.0.12": "1.0.26",
    "jsr:@std/csv@^1.0.5": "1.0.6",
    "jsr:@std/data-structures@^1.0.10": "1.1.1",
    "jsr:@std/expect@*": "1.0.17",
    "jsr:@std/expect@1": "1.0.17",
    "jsr:@std/fs@^1.0.11": "1.0.22",
    "jsr:@std/fs@^1.0.22": "1.0.22",
    "jsr:@std/fs@~0.229.3": "0.229.3",
    "jsr:@std/internal@^1.0.10": "1.0.12",
    "jsr:@std/internal@^1.0.12": "1.0.12",
    "jsr:@std/path@1.0.0-rc.1": "1.0.0-rc.1",
    "jsr:@std/path@^1.0.8": "1.1.4",
    "jsr:@std/path@^1.1.4": "1.1.4",
    "jsr:@std/path@~0.225.2": "0.225.2",
    "jsr:@std/streams@^1.0.9": "1.0.17",
    "jsr:@std/testing@*": "1.0.17",
    "jsr:@std/testing@1": "1.0.17",
    "jsr:@whyk/utils@^1.7.1": "1.7.1",
    "jsr:@zip-js/zip-js@*": "2.8.17",
    "jsr:@zip-js/zip-js@^2.8.17": "2.8.17",
    "npm:@clack/prompts@0.7": "0.7.0",
    "npm:encoding-japanese@^2.2.0": "2.2.0",
    "npm:zod@^3.24.1": "3.25.76"
  },
  "jsr": {
    "@std/assert@0.226.0": {
      "integrity": "0dfb5f7c7723c18cec118e080fec76ce15b4c31154b15ad2bd74822603ef75b3"
    },
    "@std/assert@1.0.17": {
      "integrity": "df5ebfffe77c03b3fa1401e11c762cc8f603d51021c56c4d15a8c7ab45e90dbe",
      "dependencies": [
        "jsr:@std/internal@^1.0.12"
      ]
    },
    "@std/async@1.5.0": {
      "integrity": "4c1f22d287a17ad7d8643b1952bc5a4d21e5d8b68dc8c20d8268eecc69096e82"
    },
    "@std/bytes@1.0.6": {
      "integrity": "f6ac6adbd8ccd99314045f5703e23af0a68d7f7e58364b47d2c7f408aeb5820a"
    },
    "@std/cli@1.0.26": {
      "integrity": "53679a2b041406f15c3ff193986852595f3d11ba7b9d4b0c71a42589662e8fb5",
      "dependencies": [
        "jsr:@std/internal@^1.0.12"
      ]
    },
    "@std/csv@1.0.6": {
      "integrity": "52ef0e62799a0028d278fa04762f17f9bd263fad9a8e7f98c14fbd371d62d9fd",
      "dependencies": [
        "jsr:@std/streams"
      ]
    },
    "@std/data-structures@1.1.1": {
      "integrity": "7e1fcf19771fb9c6dbcd7f65039d6d42ef8dc023cfbc0c4cdc74b24e09229380"
    },
    "@std/expect@1.0.17": {
      "integrity": "316b47dd65c33e3151344eb3267bf42efba17d1415425f07ed96185d67fc04d9",
      "dependencies": [
        "jsr:@std/assert@^1.0.14",
        "jsr:@std/internal@^1.0.10"
      ]
    },
    "@std/fs@0.229.3": {
      "integrity": "783bca21f24da92e04c3893c9e79653227ab016c48e96b3078377ebd5222e6eb",
      "dependencies": [
        "jsr:@std/path@1.0.0-rc.1"
      ]
    },
    "@std/fs@1.0.22": {
      "integrity": "de0f277a58a867147a8a01bc1b181d0dfa80bfddba8c9cf2bacd6747bcec9308",
      "dependencies": [
        "jsr:@std/internal@^1.0.12",
        "jsr:@std/path@^1.1.4"
      ]
    },
    "@std/internal@1.0.12": {
      "integrity": "972a634fd5bc34b242024402972cd5143eac68d8dffaca5eaa4dba30ce17b027"
    },
    "@std/path@0.225.2": {
      "integrity": "0f2db41d36b50ef048dcb0399aac720a5348638dd3cb5bf80685bf2a745aa506",
      "dependencies": [
        "jsr:@std/assert@0.226"
      ]
    },
    "@std/path@1.0.0-rc.1": {
      "integrity": "b8c00ae2f19106a6bb7cbf1ab9be52aa70de1605daeb2dbdc4f87a7cbaf10ff6"
    },
    "@std/path@1.1.4": {
      "integrity": "1d2d43f39efb1b42f0b1882a25486647cb851481862dc7313390b2bb044314b5",
      "dependencies": [
        "jsr:@std/internal@^1.0.12"
      ]
    },
    "@std/streams@1.0.17": {
      "integrity": "7859f3d9deed83cf4b41f19223d4a67661b3d3819e9fc117698f493bf5992140",
      "dependencies": [
        "jsr:@std/bytes"
      ]
    },
    "@std/testing@1.0.17": {
      "integrity": "87bdc2700fa98249d48a17cd72413352d3d3680dcfbdb64947fd0982d6bbf681",
      "dependencies": [
        "jsr:@std/assert@^1.0.17",
        "jsr:@std/async",
        "jsr:@std/data-structures",
        "jsr:@std/fs@^1.0.22",
        "jsr:@std/internal@^1.0.12",
        "jsr:@std/path@^1.1.4"
      ]
    },
    "@whyk/utils@1.7.1": {
      "integrity": "c1ed1db8970a24845b79f45dbc9bc8ca763e92ddf85ab202475947fa658d94a1",
      "dependencies": [
        "jsr:@std/fs@~0.229.3",
        "jsr:@std/path@~0.225.2",
        "npm:@clack/prompts",
        "npm:encoding-japanese"
      ]
    },
    "@zip-js/zip-js@2.8.17": {
      "integrity": "ed05ac9c883df88f00e679fe4f819fe53675a5409e38c9b78cd037e490edade4"
    }
  },
  "npm": {
    "@clack/core@0.3.5": {
      "integrity": "sha512-5cfhQNH+1VQ2xLQlmzXMqUoiaH0lRBq9/CLW9lTyMbuKLC3+xEK01tHVvyut++mLOn5urSHmkm6I0Lg9MaJSTQ==",
      "dependencies": [
        "picocolors",
        "sisteransi"
      ]
    },
    "@clack/prompts@0.7.0": {
      "integrity": "sha512-0MhX9/B4iL6Re04jPrttDm+BsP8y6mS7byuv0BvXgdXhbV5PdlsHt55dvNsuBCPZ7xq1oTAOOuotR9NFbQyMSA==",
      "dependencies": [
        "@clack/core",
        "picocolors",
        "sisteransi"
      ]
    },
    "encoding-japanese@2.2.0": {
      "integrity": "sha512-EuJWwlHPZ1LbADuKTClvHtwbaFn4rOD+dRAbWysqEOXRc2Uui0hJInNJrsdH0c+OhJA4nrCBdSkW4DD5YxAo6A=="
    },
    "picocolors@1.1.1": {
      "integrity": "sha512-xceH2snhtb5M9liqDsmEw56le376mTZkEX/jEb/RxNFyegNul7eNslCXP9FDj/Lcu0X8KEyMceP2ntpaHrDEVA=="
    },
    "sisteransi@1.0.5": {
      "integrity": "sha512-bLGGlR1QxBcynn2d5YmDX4MGjlZvy2MRBDRNHLJ8VI6l6+9FUiyTFNJ0IveOSP0bcXgVDPRcfGqA0pjaqUpfVg=="
    },
    "zod@3.25.76": {
      "integrity": "sha512-gzUt/qt81nXsFGKIFcC3YnfEAx5NkunCfnDlvuBSSFS02bcXu4Lmea0AFIUwbLWxWPx3d9p8S5QoaujKcNQxcQ=="
    }
  },
  "workspace": {
    "dependencies": [
      "jsr:@std/assert@^1.0.11",
      "jsr:@std/expect@1",
      "jsr:@std/testing@1"
    ],
    "members": {
      "cli": {
        "dependencies": [
          "jsr:@std/cli@^1.0.12",
          "jsr:@std/fs@^1.0.11",
          "jsr:@std/path@^1.0.8",
          "jsr:@zip-js/zip-js@^2.8.17"
        ]
      },
      "core": {
        "dependencies": [
          "jsr:@std/csv@^1.0.5",
          "jsr:@std/path@^1.0.8",
          "jsr:@whyk/utils@^1.7.1",
          "jsr:@zip-js/zip-js@^2.8.17",
          "npm:zod@^3.24.1"
        ]
      }
    }
  }
}
